<?xml version="1.0" encoding="utf-8"?>
<Project ToolsVersion="4.0" xmlns="http://schemas.microsoft.com/developer/msbuild/2003">
  <ItemGroup>
    <Filter Include="Source Files">
      <UniqueIdentifier>{4FC737F1-C7A5-4376-A066-2A32D752A2FF}</UniqueIdentifier>
      <Extensions>cpp;c;cc;cxx;def;odl;idl;hpj;bat;asm;asmx</Extensions>
    </Filter>
    <Filter Include="Header Files">
      <UniqueIdentifier>{93995380-89BD-4b04-88EB-625FBE52EBFB}</UniqueIdentifier>
      <Extensions>h;hpp;hxx;hm;inl;inc;xsd</Extensions>
    </Filter>
    <Filter Include="Resource Files">
      <UniqueIdentifier>{67DA6AB6-F800-4c08-8B7A-83BB121AAD01}</UniqueIdentifier>
      <Extensions>rc;ico;cur;bmp;dlg;rc2;rct;bin;rgs;gif;jpg;jpeg;jpe;resx;tiff;tif;png;wav</Extensions>
    </Filter>
  </ItemGroup>
  <ItemGroup>
    <ClCompile Include="test_all.cpp">
      <Filter>Source Files</Filter>
    </ClCompile>
    <ClCompile Include="libs\hikyuu\config.cpp">
      <Filter>Source Files</Filter>
    </ClCompile>
    <ClCompile Include="libs\hikyuu\datetime\test_datetime.cpp">
      <Filter>Source Files</Filter>
    </ClCompile>
    <ClCompile Include="libs\hikyuu\hikyuu\test_Block.cpp">
      <Filter>Source Files</Filter>
    </ClCompile>
    <ClCompile Include="libs\hikyuu\hikyuu\test_KData.cpp">
      <Filter>Source Files</Filter>
    </ClCompile>
    <ClCompile Include="libs\hikyuu\hikyuu\test_Stock.cpp">
      <Filter>Source Files</Filter>
    </ClCompile>
    <ClCompile Include="libs\hikyuu\hikyuu\test_StockManager.cpp">
      <Filter>Source Files</Filter>
    </ClCompile>
    <ClCompile Include="libs\hikyuu\hikyuu\test_temp.cpp">
      <Filter>Source Files</Filter>
    </ClCompile>
    <ClCompile Include="libs\hikyuu\indicator\test_AMA.cpp">
      <Filter>Source Files</Filter>
    </ClCompile>
    <ClCompile Include="libs\hikyuu\indicator\test_DIFF.cpp">
      <Filter>Source Files</Filter>
    </ClCompile>
    <ClCompile Include="libs\hikyuu\indicator\test_EMA.cpp">
      <Filter>Source Files</Filter>
    </ClCompile>
    <ClCompile Include="libs\hikyuu\indicator\test_export.cpp">
      <Filter>Source Files</Filter>
    </ClCompile>
    <ClCompile Include="libs\hikyuu\indicator\test_IKData.cpp">
      <Filter>Source Files</Filter>
    </ClCompile>
    <ClCompile Include="libs\hikyuu\indicator\test_Indicator.cpp">
      <Filter>Source Files</Filter>
    </ClCompile>
    <ClCompile Include="libs\hikyuu\indicator\test_MA.cpp">
      <Filter>Source Files</Filter>
    </ClCompile>
    <ClCompile Include="libs\hikyuu\indicator\test_MACD.cpp">
      <Filter>Source Files</Filter>
    </ClCompile>
    <ClCompile Include="libs\hikyuu\indicator\test_PRICELIST.cpp">
      <Filter>Source Files</Filter>
    </ClCompile>
    <ClCompile Include="libs\hikyuu\indicator\test_REF.cpp">
      <Filter>Source Files</Filter>
    </ClCompile>
    <ClCompile Include="libs\hikyuu\indicator\test_SAFTYLOSS.cpp">
      <Filter>Source Files</Filter>
    </ClCompile>
    <ClCompile Include="libs\hikyuu\indicator\test_STDEV.cpp">
      <Filter>Source Files</Filter>
    </ClCompile>
    <ClCompile Include="libs\hikyuu\indicator\test_Vigor.cpp">
      <Filter>Source Files</Filter>
    </ClCompile>
    <ClCompile Include="libs\hikyuu\serialization\test_Block.cpp">
      <Filter>Source Files</Filter>
    </ClCompile>
    <ClCompile Include="libs\hikyuu\serialization\test_KData.cpp">
      <Filter>Source Files</Filter>
    </ClCompile>
    <ClCompile Include="libs\hikyuu\serialization\test_KQuery.cpp">
      <Filter>Source Files</Filter>
    </ClCompile>
    <ClCompile Include="libs\hikyuu\serialization\test_KRecord.cpp">
      <Filter>Source Files</Filter>
    </ClCompile>
    <ClCompile Include="libs\hikyuu\serialization\test_MarketInfo.cpp">
      <Filter>Source Files</Filter>
    </ClCompile>
    <ClCompile Include="libs\hikyuu\serialization\test_StockTypeInfo.cpp">
      <Filter>Source Files</Filter>
    </ClCompile>
    <ClCompile Include="libs\hikyuu\serialization\test_StockWeight.cpp">
      <Filter>Source Files</Filter>
    </ClCompile>
    <ClCompile Include="libs\hikyuu\trade_manage\test_crtFixedATC.cpp">
      <Filter>Source Files</Filter>
    </ClCompile>
    <ClCompile Include="libs\hikyuu\trade_manage\test_crtZeroTC.cpp">
      <Filter>Source Files</Filter>
    </ClCompile>
    <ClCompile Include="libs\hikyuu\trade_manage\test_export.cpp">
      <Filter>Source Files</Filter>
    </ClCompile>
    <ClCompile Include="libs\hikyuu\trade_manage\test_TradeManager.cpp">
      <Filter>Source Files</Filter>
    </ClCompile>
    <ClCompile Include="libs\hikyuu\trade_sys\condition\test_Condition.cpp">
      <Filter>Source Files</Filter>
    </ClCompile>
    <ClCompile Include="libs\hikyuu\trade_sys\environment\test_Environment.cpp">
      <Filter>Source Files</Filter>
    </ClCompile>
    <ClCompile Include="libs\hikyuu\trade_sys\moneymanager\test_export.cpp">
      <Filter>Source Files</Filter>
    </ClCompile>
    <ClCompile Include="libs\hikyuu\trade_sys\moneymanager\test_MM_FixedCount.cpp">
      <Filter>Source Files</Filter>
    </ClCompile>
    <ClCompile Include="libs\hikyuu\trade_sys\moneymanager\test_MoneyManager.cpp">
      <Filter>Source Files</Filter>
    </ClCompile>
    <ClCompile Include="libs\hikyuu\trade_sys\profitgoal\test_ProfitGoal.cpp">
      <Filter>Source Files</Filter>
    </ClCompile>
    <ClCompile Include="libs\hikyuu\trade_sys\signal\test_export.cpp">
      <Filter>Source Files</Filter>
    </ClCompile>
    <ClCompile Include="libs\hikyuu\trade_sys\signal\test_Signal.cpp">
      <Filter>Source Files</Filter>
    </ClCompile>
    <ClCompile Include="libs\hikyuu\trade_sys\slippage\test_Slippage.cpp">
      <Filter>Source Files</Filter>
    </ClCompile>
    <ClCompile Include="libs\hikyuu\trade_sys\stoploss\test_export.cpp">
      <Filter>Source Files</Filter>
    </ClCompile>
    <ClCompile Include="libs\hikyuu\trade_sys\stoploss\test_Stoploss.cpp">
      <Filter>Source Files</Filter>
    </ClCompile>
    <ClCompile Include="libs\hikyuu\trade_sys\stoploss\test_ST_FixedPercent.cpp">
      <Filter>Source Files</Filter>
    </ClCompile>
    <ClCompile Include="libs\hikyuu\trade_sys\system\test_export.cpp">
      <Filter>Source Files</Filter>
    </ClCompile>
    <ClCompile Include="libs\hikyuu\trade_sys\system\test_Simple_SYS.cpp">
      <Filter>Source Files</Filter>
    </ClCompile>
    <ClCompile Include="libs\hikyuu\trade_sys\system\test_SystemPart.cpp">
      <Filter>Source Files</Filter>
    </ClCompile>
    <ClCompile Include="libs\hikyuu\utilities\test_Parameter.cpp">
      <Filter>Source Files</Filter>
    </ClCompile>
    <ClCompile Include="libs\hikyuu\utilities\test_util.cpp">
      <Filter>Source Files</Filter>
    </ClCompile>
    <ClCompile Include="libs\hikyuu_utils\iniparser\test_iniparser.cpp">
      <Filter>Source Files</Filter>
    </ClCompile>
    <ClCompile Include="libs\hikyuu\trade_sys\portfolio\test_Portfolio.cpp">
      <Filter>Source Files</Filter>
    </ClCompile>
  </ItemGroup>
  <ItemGroup>
    <ClInclude Include="doc.h">
      <Filter>Header Files</Filter>
    </ClInclude>
    <ClInclude Include="libs\hikyuu\config.h">
      <Filter>Header Files</Filter>
    </ClInclude>
  </ItemGroup>
</Project>